
Microsoft Visual Studio Solution File, Format Version 12.00
# Visual Studio Version 17
VisualStudioVersion = 17.0.31903.59
MinimumVisualStudioVersion = 10.0.40219.1
Project("{2150E333-8FDC-42A3-9474-1A3956D46DE8}") = "src", "src", "{827E0CD3-B72D-47B6-A68D-7590B98EB39B}"
EndProject
Project("{FAE04EC0-301F-11D3-BF4B-00C04F79EFBC}") = "FLang.Core", "src\FLang.Core\FLang.Core.csproj", "{87B0AD9D-7BAA-4992-85D8-85FD6C7B6E1F}"
EndProject
Project("{FAE04EC0-301F-11D3-BF4B-00C04F79EFBC}") = "FLang.Frontend", "src\FLang.Frontend\FLang.Frontend.csproj", "{49667970-ED2B-40A4-9FDA-82E683C7E278}"
EndProject
Project("{FAE04EC0-301F-11D3-BF4B-00C04F79EFBC}") = "FLang.Semantics", "src\FLang.Semantics\FLang.Semantics.csproj", "{77D731BC-FBAD-4FB7-BB28-F5A49073DD9E}"
EndProject
Project("{FAE04EC0-301F-11D3-BF4B-00C04F79EFBC}") = "FLang.IR", "src\FLang.IR\FLang.IR.csproj", "{880EE322-B159-4AAD-8F8D-231CEED39A1D}"
EndProject
Project("{FAE04EC0-301F-11D3-BF4B-00C04F79EFBC}") = "FLang.Codegen.C", "src\FLang.Codegen.C\FLang.Codegen.C.csproj", "{A17D20B9-0406-418C-8332-41D1F2A60875}"
EndProject
Project("{FAE04EC0-301F-11D3-BF4B-00C04F79EFBC}") = "FLang.CLI", "src\FLang.CLI\FLang.CLI.csproj", "{D30C9BEB-D115-4B9E-9469-075F635A3953}"
EndProject
Project("{2150E333-8FDC-42A3-9474-1A3956D46DE8}") = "tests", "tests", "{0AB3BF05-4346-4AA6-1389-037BE0695223}"
EndProject
Project("{FAE04EC0-301F-11D3-BF4B-00C04F79EFBC}") = "FLang.Tests", "tests\FLang.Tests\FLang.Tests.csproj", "{275FA750-4AFB-4EC4-821E-E964B014AEA5}"
EndProject
Global
	GlobalSection(SolutionConfigurationPlatforms) = preSolution
		Debug|Any CPU = Debug|Any CPU
		Debug|x64 = Debug|x64
		Debug|x86 = Debug|x86
		Release|Any CPU = Release|Any CPU
		Release|x64 = Release|x64
		Release|x86 = Release|x86
	EndGlobalSection
	GlobalSection(ProjectConfigurationPlatforms) = postSolution
		{87B0AD9D-7BAA-4992-85D8-85FD6C7B6E1F}.Debug|Any CPU.ActiveCfg = Debug|Any CPU
		{87B0AD9D-7BAA-4992-85D8-85FD6C7B6E1F}.Debug|Any CPU.Build.0 = Debug|Any CPU
		{87B0AD9D-7BAA-4992-85D8-85FD6C7B6E1F}.Debug|x64.ActiveCfg = Debug|Any CPU
		{87B0AD9D-7BAA-4992-85D8-85FD6C7B6E1F}.Debug|x64.Build.0 = Debug|Any CPU
		{87B0AD9D-7BAA-4992-85D8-85FD6C7B6E1F}.Debug|x86.ActiveCfg = Debug|Any CPU
		{87B0AD9D-7BAA-4992-85D8-85FD6C7B6E1F}.Debug|x86.Build.0 = Debug|Any CPU
		{87B0AD9D-7BAA-4992-85D8-85FD6C7B6E1F}.Release|Any CPU.ActiveCfg = Release|Any CPU
		{87B0AD9D-7BAA-4992-85D8-85FD6C7B6E1F}.Release|Any CPU.Build.0 = Release|Any CPU
		{87B0AD9D-7BAA-4992-85D8-85FD6C7B6E1F}.Release|x64.ActiveCfg = Release|Any CPU
		{87B0AD9D-7BAA-4992-85D8-85FD6C7B6E1F}.Release|x64.Build.0 = Release|Any CPU
		{87B0AD9D-7BAA-4992-85D8-85FD6C7B6E1F}.Release|x86.ActiveCfg = Release|Any CPU
		{87B0AD9D-7BAA-4992-85D8-85FD6C7B6E1F}.Release|x86.Build.0 = Release|Any CPU
		{49667970-ED2B-40A4-9FDA-82E683C7E278}.Debug|Any CPU.ActiveCfg = Debug|Any CPU
		{49667970-ED2B-40A4-9FDA-82E683C7E278}.Debug|Any CPU.Build.0 = Debug|Any CPU
		{49667970-ED2B-40A4-9FDA-82E683C7E278}.Debug|x64.ActiveCfg = Debug|Any CPU
		{49667970-ED2B-40A4-9FDA-82E683C7E278}.Debug|x64.Build.0 = Debug|Any CPU
		{49667970-ED2B-40A4-9FDA-82E683C7E278}.Debug|x86.ActiveCfg = Debug|Any CPU
		{49667970-ED2B-40A4-9FDA-82E683C7E278}.Debug|x86.Build.0 = Debug|Any CPU
		{49667970-ED2B-40A4-9FDA-82E683C7E278}.Release|Any CPU.ActiveCfg = Release|Any CPU
		{49667970-ED2B-40A4-9FDA-82E683C7E278}.Release|Any CPU.Build.0 = Release|Any CPU
		{49667970-ED2B-40A4-9FDA-82E683C7E278}.Release|x64.ActiveCfg = Release|Any CPU
		{49667970-ED2B-40A4-9FDA-82E683C7E278}.Release|x64.Build.0 = Release|Any CPU
		{49667970-ED2B-40A4-9FDA-82E683C7E278}.Release|x86.ActiveCfg = Release|Any CPU
		{49667970-ED2B-40A4-9FDA-82E683C7E278}.Release|x86.Build.0 = Release|Any CPU
		{77D731BC-FBAD-4FB7-BB28-F5A49073DD9E}.Debug|Any CPU.ActiveCfg = Debug|Any CPU
		{77D731BC-FBAD-4FB7-BB28-F5A49073DD9E}.Debug|Any CPU.Build.0 = Debug|Any CPU
		{77D731BC-FBAD-4FB7-BB28-F5A49073DD9E}.Debug|x64.ActiveCfg = Debug|Any CPU
		{77D731BC-FBAD-4FB7-BB28-F5A49073DD9E}.Debug|x64.Build.0 = Debug|Any CPU
		{77D731BC-FBAD-4FB7-BB28-F5A49073DD9E}.Debug|x86.ActiveCfg = Debug|Any CPU
		{77D731BC-FBAD-4FB7-BB28-F5A49073DD9E}.Debug|x86.Build.0 = Debug|Any CPU
		{77D731BC-FBAD-4FB7-BB28-F5A49073DD9E}.Release|Any CPU.ActiveCfg = Release|Any CPU
		{77D731BC-FBAD-4FB7-BB28-F5A49073DD9E}.Release|Any CPU.Build.0 = Release|Any CPU
		{77D731BC-FBAD-4FB7-BB28-F5A49073DD9E}.Release|x64.ActiveCfg = Release|Any CPU
		{77D731BC-FBAD-4FB7-BB28-F5A49073DD9E}.Release|x64.Build.0 = Release|Any CPU
		{77D731BC-FBAD-4FB7-BB28-F5A49073DD9E}.Release|x86.ActiveCfg = Release|Any CPU
		{77D731BC-FBAD-4FB7-BB28-F5A49073DD9E}.Release|x86.Build.0 = Release|Any CPU
		{880EE322-B159-4AAD-8F8D-231CEED39A1D}.Debug|Any CPU.ActiveCfg = Debug|Any CPU
		{880EE322-B159-4AAD-8F8D-231CEED39A1D}.Debug|Any CPU.Build.0 = Debug|Any CPU
		{880EE322-B159-4AAD-8F8D-231CEED39A1D}.Debug|x64.ActiveCfg = Debug|Any CPU
		{880EE322-B159-4AAD-8F8D-231CEED39A1D}.Debug|x64.Build.0 = Debug|Any CPU
		{880EE322-B159-4AAD-8F8D-231CEED39A1D}.Debug|x86.ActiveCfg = Debug|Any CPU
		{880EE322-B159-4AAD-8F8D-231CEED39A1D}.Debug|x86.Build.0 = Debug|Any CPU
		{880EE322-B159-4AAD-8F8D-231CEED39A1D}.Release|Any CPU.ActiveCfg = Release|Any CPU
		{880EE322-B159-4AAD-8F8D-231CEED39A1D}.Release|Any CPU.Build.0 = Release|Any CPU
		{880EE322-B159-4AAD-8F8D-231CEED39A1D}.Release|x64.ActiveCfg = Release|Any CPU
		{880EE322-B159-4AAD-8F8D-231CEED39A1D}.Release|x64.Build.0 = Release|Any CPU
		{880EE322-B159-4AAD-8F8D-231CEED39A1D}.Release|x86.ActiveCfg = Release|Any CPU
		{880EE322-B159-4AAD-8F8D-231CEED39A1D}.Release|x86.Build.0 = Release|Any CPU
		{A17D20B9-0406-418C-8332-41D1F2A60875}.Debug|Any CPU.ActiveCfg = Debug|Any CPU
		{A17D20B9-0406-418C-8332-41D1F2A60875}.Debug|Any CPU.Build.0 = Debug|Any CPU
		{A17D20B9-0406-418C-8332-41D1F2A60875}.Debug|x64.ActiveCfg = Debug|Any CPU
		{A17D20B9-0406-418C-8332-41D1F2A60875}.Debug|x64.Build.0 = Debug|Any CPU
		{A17D20B9-0406-418C-8332-41D1F2A60875}.Debug|x86.ActiveCfg = Debug|Any CPU
		{A17D20B9-0406-418C-8332-41D1F2A60875}.Debug|x86.Build.0 = Debug|Any CPU
		{A17D20B9-0406-418C-8332-41D1F2A60875}.Release|Any CPU.ActiveCfg = Release|Any CPU
		{A17D20B9-0406-418C-8332-41D1F2A60875}.Release|Any CPU.Build.0 = Release|Any CPU
		{A17D20B9-0406-418C-8332-41D1F2A60875}.Release|x64.ActiveCfg = Release|Any CPU
		{A17D20B9-0406-418C-8332-41D1F2A60875}.Release|x64.Build.0 = Release|Any CPU
		{A17D20B9-0406-418C-8332-41D1F2A60875}.Release|x86.ActiveCfg = Release|Any CPU
		{A17D20B9-0406-418C-8332-41D1F2A60875}.Release|x86.Build.0 = Release|Any CPU
		{D30C9BEB-D115-4B9E-9469-075F635A3953}.Debug|Any CPU.ActiveCfg = Debug|Any CPU
		{D30C9BEB-D115-4B9E-9469-075F635A3953}.Debug|Any CPU.Build.0 = Debug|Any CPU
		{D30C9BEB-D115-4B9E-9469-075F635A3953}.Debug|x64.ActiveCfg = Debug|Any CPU
		{D30C9BEB-D115-4B9E-9469-075F635A3953}.Debug|x64.Build.0 = Debug|Any CPU
		{D30C9BEB-D115-4B9E-9469-075F635A3953}.Debug|x86.ActiveCfg = Debug|Any CPU
		{D30C9BEB-D115-4B9E-9469-075F635A3953}.Debug|x86.Build.0 = Debug|Any CPU
		{D30C9BEB-D115-4B9E-9469-075F635A3953}.Release|Any CPU.ActiveCfg = Release|Any CPU
		{D30C9BEB-D115-4B9E-9469-075F635A3953}.Release|Any CPU.Build.0 = Release|Any CPU
		{D30C9BEB-D115-4B9E-9469-075F635A3953}.Release|x64.ActiveCfg = Release|Any CPU
		{D30C9BEB-D115-4B9E-9469-075F635A3953}.Release|x64.Build.0 = Release|Any CPU
		{D30C9BEB-D115-4B9E-9469-075F635A3953}.Release|x86.ActiveCfg = Release|Any CPU
		{D30C9BEB-D115-4B9E-9469-075F635A3953}.Release|x86.Build.0 = Release|Any CPU
		{275FA750-4AFB-4EC4-821E-E964B014AEA5}.Debug|Any CPU.ActiveCfg = Debug|Any CPU
		{275FA750-4AFB-4EC4-821E-E964B014AEA5}.Debug|Any CPU.Build.0 = Debug|Any CPU
		{275FA750-4AFB-4EC4-821E-E964B014AEA5}.Debug|x64.ActiveCfg = Debug|Any CPU
		{275FA750-4AFB-4EC4-821E-E964B014AEA5}.Debug|x64.Build.0 = Debug|Any CPU
		{275FA750-4AFB-4EC4-821E-E964B014AEA5}.Debug|x86.ActiveCfg = Debug|Any CPU
		{275FA750-4AFB-4EC4-821E-E964B014AEA5}.Debug|x86.Build.0 = Debug|Any CPU
		{275FA750-4AFB-4EC4-821E-E964B014AEA5}.Release|Any CPU.ActiveCfg = Release|Any CPU
		{275FA750-4AFB-4EC4-821E-E964B014AEA5}.Release|Any CPU.Build.0 = Release|Any CPU
		{275FA750-4AFB-4EC4-821E-E964B014AEA5}.Release|x64.ActiveCfg = Release|Any CPU
		{275FA750-4AFB-4EC4-821E-E964B014AEA5}.Release|x64.Build.0 = Release|Any CPU
		{275FA750-4AFB-4EC4-821E-E964B014AEA5}.Release|x86.ActiveCfg = Release|Any CPU
		{275FA750-4AFB-4EC4-821E-E964B014AEA5}.Release|x86.Build.0 = Release|Any CPU
	EndGlobalSection
	GlobalSection(SolutionProperties) = preSolution
		HideSolutionNode = FALSE
	EndGlobalSection
	GlobalSection(NestedProjects) = preSolution
		{87B0AD9D-7BAA-4992-85D8-85FD6C7B6E1F} = {827E0CD3-B72D-47B6-A68D-7590B98EB39B}
		{49667970-ED2B-40A4-9FDA-82E683C7E278} = {827E0CD3-B72D-47B6-A68D-7590B98EB39B}
		{77D731BC-FBAD-4FB7-BB28-F5A49073DD9E} = {827E0CD3-B72D-47B6-A68D-7590B98EB39B}
		{880EE322-B159-4AAD-8F8D-231CEED39A1D} = {827E0CD3-B72D-47B6-A68D-7590B98EB39B}
		{A17D20B9-0406-418C-8332-41D1F2A60875} = {827E0CD3-B72D-47B6-A68D-7590B98EB39B}
		{D30C9BEB-D115-4B9E-9469-075F635A3953} = {827E0CD3-B72D-47B6-A68D-7590B98EB39B}
		{275FA750-4AFB-4EC4-821E-E964B014AEA5} = {0AB3BF05-4346-4AA6-1389-037BE0695223}
	EndGlobalSection
EndGlobal
